
Microsoft Visual Studio Solution File, Format Version 12.00
# Visual Studio Version 17
VisualStudioVersion = 17.6.33723.286
MinimumVisualStudioVersion = 10.0.40219.1
Project("{FAE04EC0-301F-11D3-BF4B-00C04F79EFBC}") = "ConsoleApp2", "ConsoleApp2\ConsoleApp2.csproj", "{8CA9E23B-8768-4AD4-A632-2E41105B088D}"
EndProject
Global
	GlobalSection(SolutionConfigurationPlatforms) = preSolution
		Debug|Any CPU = Debug|Any CPU
		Release|Any CPU = Release|Any CPU
	EndGlobalSection
	GlobalSection(ProjectConfigurationPlatforms) = postSolution
		{8CA9E23B-8768-4AD4-A632-2E41105B088D}.Debug|Any CPU.ActiveCfg = Debug|Any CPU
		{8CA9E23B-8768-4AD4-A632-2E41105B088D}.Debug|Any CPU.Build.0 = Debug|Any CPU
		{8CA9E23B-8768-4AD4-A632-2E41105B088D}.Release|Any CPU.ActiveCfg = Release|Any CPU
		{8CA9E23B-8768-4AD4-A632-2E41105B088D}.Release|Any CPU.Build.0 = Release|Any CPU
	EndGlobalSection
	GlobalSection(SolutionProperties) = preSolution
		HideSolutionNode = FALSE
	EndGlobalSection
	GlobalSection(ExtensibilityGlobals) = postSolution
		SolutionGuid = {9E85EEB3-E47F-4CEC-8A18-5AF54C76D22F}
	EndGlobalSection
EndGlobal
